
Microsoft Visual Studio Solution File, Format Version 12.00
# Visual Studio Version 17
VisualStudioVersion = 17.9.34723.18
MinimumVisualStudioVersion = 10.0.40219.1
Project("{FAE04EC0-301F-11D3-BF4B-00C04F79EFBC}") = "Juan_Diego_Silva_AtividadClase1", "Juan_Diego_Silva_AtividadClase1.csproj", "{F48EBE2D-7751-4DE1-B52C-F76BC33E2D65}"
EndProject
Global
	GlobalSection(SolutionConfigurationPlatforms) = preSolution
		Debug|Any CPU = Debug|Any CPU
		Release|Any CPU = Release|Any CPU
	EndGlobalSection
	GlobalSection(ProjectConfigurationPlatforms) = postSolution
		{F48EBE2D-7751-4DE1-B52C-F76BC33E2D65}.Debug|Any CPU.ActiveCfg = Debug|Any CPU
		{F48EBE2D-7751-4DE1-B52C-F76BC33E2D65}.Debug|Any CPU.Build.0 = Debug|Any CPU
		{F48EBE2D-7751-4DE1-B52C-F76BC33E2D65}.Release|Any CPU.ActiveCfg = Release|Any CPU
		{F48EBE2D-7751-4DE1-B52C-F76BC33E2D65}.Release|Any CPU.Build.0 = Release|Any CPU
	EndGlobalSection
	GlobalSection(SolutionProperties) = preSolution
		HideSolutionNode = FALSE
	EndGlobalSection
	GlobalSection(ExtensibilityGlobals) = postSolution
		SolutionGuid = {86B14D62-4150-497E-B63A-6BFA85C3B48C}
	EndGlobalSection
EndGlobal
